
Microsoft Visual Studio Solution File, Format Version 12.00
# Visual Studio Version 17
VisualStudioVersion = 17.3.32819.101
MinimumVisualStudioVersion = 10.0.40219.1
Project("{FAE04EC0-301F-11D3-BF4B-00C04F79EFBC}") = "name_sorter", "name_sorter\name_sorter.csproj", "{110F770B-1094-44DA-BE6C-3BD5EEC4AFD7}"
EndProject
Project("{FAE04EC0-301F-11D3-BF4B-00C04F79EFBC}") = "name_sorter.Test", "name_sorter.Test\name_sorter.Test.csproj", "{00162BA8-FC3B-4D1B-BDD9-0897EA6B968A}"
EndProject
Global
	GlobalSection(SolutionConfigurationPlatforms) = preSolution
		Debug|Any CPU = Debug|Any CPU
		Release|Any CPU = Release|Any CPU
	EndGlobalSection
	GlobalSection(ProjectConfigurationPlatforms) = postSolution
		{110F770B-1094-44DA-BE6C-3BD5EEC4AFD7}.Debug|Any CPU.ActiveCfg = Debug|Any CPU
		{110F770B-1094-44DA-BE6C-3BD5EEC4AFD7}.Debug|Any CPU.Build.0 = Debug|Any CPU
		{110F770B-1094-44DA-BE6C-3BD5EEC4AFD7}.Release|Any CPU.ActiveCfg = Release|Any CPU
		{110F770B-1094-44DA-BE6C-3BD5EEC4AFD7}.Release|Any CPU.Build.0 = Release|Any CPU
		{00162BA8-FC3B-4D1B-BDD9-0897EA6B968A}.Debug|Any CPU.ActiveCfg = Debug|Any CPU
		{00162BA8-FC3B-4D1B-BDD9-0897EA6B968A}.Debug|Any CPU.Build.0 = Debug|Any CPU
		{00162BA8-FC3B-4D1B-BDD9-0897EA6B968A}.Release|Any CPU.ActiveCfg = Release|Any CPU
		{00162BA8-FC3B-4D1B-BDD9-0897EA6B968A}.Release|Any CPU.Build.0 = Release|Any CPU
	EndGlobalSection
	GlobalSection(SolutionProperties) = preSolution
		HideSolutionNode = FALSE
	EndGlobalSection
	GlobalSection(ExtensibilityGlobals) = postSolution
		SolutionGuid = {5B174909-86CE-428A-A98A-280DC08DEFAD}
	EndGlobalSection
EndGlobal
